
Microsoft Visual Studio Solution File, Format Version 12.00
# Visual Studio Version 17
VisualStudioVersion = 17.2.32616.157
MinimumVisualStudioVersion = 10.0.40219.1
Project("{FAE04EC0-301F-11D3-BF4B-00C04F79EFBC}") = "editor de texto", "editor de texto\editor de texto.csproj", "{F32DDAC8-FDCD-4A0C-ADFC-7C93ECE33ED8}"
EndProject
Global
	GlobalSection(SolutionConfigurationPlatforms) = preSolution
		Debug|Any CPU = Debug|Any CPU
		Release|Any CPU = Release|Any CPU
	EndGlobalSection
	GlobalSection(ProjectConfigurationPlatforms) = postSolution
		{F32DDAC8-FDCD-4A0C-ADFC-7C93ECE33ED8}.Debug|Any CPU.ActiveCfg = Debug|Any CPU
		{F32DDAC8-FDCD-4A0C-ADFC-7C93ECE33ED8}.Debug|Any CPU.Build.0 = Debug|Any CPU
		{F32DDAC8-FDCD-4A0C-ADFC-7C93ECE33ED8}.Release|Any CPU.ActiveCfg = Release|Any CPU
		{F32DDAC8-FDCD-4A0C-ADFC-7C93ECE33ED8}.Release|Any CPU.Build.0 = Release|Any CPU
	EndGlobalSection
	GlobalSection(SolutionProperties) = preSolution
		HideSolutionNode = FALSE
	EndGlobalSection
	GlobalSection(ExtensibilityGlobals) = postSolution
		SolutionGuid = {5FF0563F-1BBE-42DC-92C9-25DA7693E375}
	EndGlobalSection
EndGlobal
